
Microsoft Visual Studio Solution File, Format Version 12.00
# Visual Studio 15
VisualStudioVersion = 15.0.27421.1
MinimumVisualStudioVersion = 10.0.40219.1
Project("{2150E333-8FDC-42A3-9474-1A3956D46DE8}") = "src", "src", "{6E871AC1-8A7F-457E-A803-15813EC6A12D}"
EndProject
Project("{FAE04EC0-301F-11D3-BF4B-00C04F79EFBC}") = "ScottBrady91.PasswordlessAuthentication", "src\ScottBrady91.PasswordlessAuthentication\ScottBrady91.PasswordlessAuthentication.csproj", "{742C98E2-5049-4724-BA00-1A33A9DFA228}"
EndProject
Global
	GlobalSection(SolutionConfigurationPlatforms) = preSolution
		Debug|Any CPU = Debug|Any CPU
		Release|Any CPU = Release|Any CPU
	EndGlobalSection
	GlobalSection(ProjectConfigurationPlatforms) = postSolution
		{742C98E2-5049-4724-BA00-1A33A9DFA228}.Debug|Any CPU.ActiveCfg = Debug|Any CPU
		{742C98E2-5049-4724-BA00-1A33A9DFA228}.Debug|Any CPU.Build.0 = Debug|Any CPU
		{742C98E2-5049-4724-BA00-1A33A9DFA228}.Release|Any CPU.ActiveCfg = Release|Any CPU
		{742C98E2-5049-4724-BA00-1A33A9DFA228}.Release|Any CPU.Build.0 = Release|Any CPU
	EndGlobalSection
	GlobalSection(SolutionProperties) = preSolution
		HideSolutionNode = FALSE
	EndGlobalSection
	GlobalSection(NestedProjects) = preSolution
		{742C98E2-5049-4724-BA00-1A33A9DFA228} = {6E871AC1-8A7F-457E-A803-15813EC6A12D}
	EndGlobalSection
	GlobalSection(ExtensibilityGlobals) = postSolution
		SolutionGuid = {92EBD344-A173-47C4-B0CD-0A3035F6F6ED}
	EndGlobalSection
EndGlobal
